
Microsoft Visual Studio Solution File, Format Version 12.00
# Visual Studio Version 16
VisualStudioVersion = 16.0.30907.101
MinimumVisualStudioVersion = 10.0.40219.1
Project("{FAE04EC0-301F-11D3-BF4B-00C04F79EFBC}") = "Login(MVC)", "Login(MVC)\Login(MVC).csproj", "{B7C4F114-22C6-41E3-B7B6-50C56288EEA0}"
EndProject
Global
	GlobalSection(SolutionConfigurationPlatforms) = preSolution
		Debug|Any CPU = Debug|Any CPU
		Release|Any CPU = Release|Any CPU
	EndGlobalSection
	GlobalSection(ProjectConfigurationPlatforms) = postSolution
		{B7C4F114-22C6-41E3-B7B6-50C56288EEA0}.Debug|Any CPU.ActiveCfg = Debug|Any CPU
		{B7C4F114-22C6-41E3-B7B6-50C56288EEA0}.Debug|Any CPU.Build.0 = Debug|Any CPU
		{B7C4F114-22C6-41E3-B7B6-50C56288EEA0}.Release|Any CPU.ActiveCfg = Release|Any CPU
		{B7C4F114-22C6-41E3-B7B6-50C56288EEA0}.Release|Any CPU.Build.0 = Release|Any CPU
	EndGlobalSection
	GlobalSection(SolutionProperties) = preSolution
		HideSolutionNode = FALSE
	EndGlobalSection
	GlobalSection(ExtensibilityGlobals) = postSolution
		SolutionGuid = {6ABEE564-3617-4E7F-B1EB-3F2B29C86192}
	EndGlobalSection
EndGlobal
